
Microsoft Visual Studio Solution File, Format Version 12.00
# Visual Studio Version 16
VisualStudioVersion = 16.0.31911.196
MinimumVisualStudioVersion = 10.0.40219.1
Project("{9A19103F-16F7-4668-BE54-9A1E7A4F7556}") = "GymManager.Web", "GymManager.Web\GymManager.Web.csproj", "{AF224F04-FF6C-4A5C-9CF9-207B17BDE946}"
EndProject
Project("{9A19103F-16F7-4668-BE54-9A1E7A4F7556}") = "GymManager.AplicationServices", "GymManager.AplicationServices\GymManager.AplicationServices.csproj", "{1D28D010-1EAA-495B-9D92-0D4B2AB43FE4}"
EndProject
Project("{9A19103F-16F7-4668-BE54-9A1E7A4F7556}") = "GymManager.Core", "GymManager.Core\GymManager.Core.csproj", "{1A403228-C2AC-4BAF-9419-E623E1080AA0}"
EndProject
Project("{9A19103F-16F7-4668-BE54-9A1E7A4F7556}") = "GymManager.DataAccess", "GymManager.DataAccess\GymManager.DataAccess.csproj", "{F3AFB125-63F9-4EDD-8D5B-812C3EABF463}"
EndProject
Project("{FAE04EC0-301F-11D3-BF4B-00C04F79EFBC}") = "GymManager.Report.Design", "GymManager.Report.Design\GymManager.Report.Design.csproj", "{2242EBE7-9F44-4099-A388-852DE701028A}"
EndProject
Global
	GlobalSection(SolutionConfigurationPlatforms) = preSolution
		Debug|Any CPU = Debug|Any CPU
		Release|Any CPU = Release|Any CPU
	EndGlobalSection
	GlobalSection(ProjectConfigurationPlatforms) = postSolution
		{AF224F04-FF6C-4A5C-9CF9-207B17BDE946}.Debug|Any CPU.ActiveCfg = Debug|Any CPU
		{AF224F04-FF6C-4A5C-9CF9-207B17BDE946}.Debug|Any CPU.Build.0 = Debug|Any CPU
		{AF224F04-FF6C-4A5C-9CF9-207B17BDE946}.Release|Any CPU.ActiveCfg = Release|Any CPU
		{AF224F04-FF6C-4A5C-9CF9-207B17BDE946}.Release|Any CPU.Build.0 = Release|Any CPU
		{1D28D010-1EAA-495B-9D92-0D4B2AB43FE4}.Debug|Any CPU.ActiveCfg = Debug|Any CPU
		{1D28D010-1EAA-495B-9D92-0D4B2AB43FE4}.Debug|Any CPU.Build.0 = Debug|Any CPU
		{1D28D010-1EAA-495B-9D92-0D4B2AB43FE4}.Release|Any CPU.ActiveCfg = Release|Any CPU
		{1D28D010-1EAA-495B-9D92-0D4B2AB43FE4}.Release|Any CPU.Build.0 = Release|Any CPU
		{1A403228-C2AC-4BAF-9419-E623E1080AA0}.Debug|Any CPU.ActiveCfg = Debug|Any CPU
		{1A403228-C2AC-4BAF-9419-E623E1080AA0}.Debug|Any CPU.Build.0 = Debug|Any CPU
		{1A403228-C2AC-4BAF-9419-E623E1080AA0}.Release|Any CPU.ActiveCfg = Release|Any CPU
		{1A403228-C2AC-4BAF-9419-E623E1080AA0}.Release|Any CPU.Build.0 = Release|Any CPU
		{F3AFB125-63F9-4EDD-8D5B-812C3EABF463}.Debug|Any CPU.ActiveCfg = Debug|Any CPU
		{F3AFB125-63F9-4EDD-8D5B-812C3EABF463}.Debug|Any CPU.Build.0 = Debug|Any CPU
		{F3AFB125-63F9-4EDD-8D5B-812C3EABF463}.Release|Any CPU.ActiveCfg = Release|Any CPU
		{F3AFB125-63F9-4EDD-8D5B-812C3EABF463}.Release|Any CPU.Build.0 = Release|Any CPU
		{2242EBE7-9F44-4099-A388-852DE701028A}.Debug|Any CPU.ActiveCfg = Debug|Any CPU
		{2242EBE7-9F44-4099-A388-852DE701028A}.Debug|Any CPU.Build.0 = Debug|Any CPU
		{2242EBE7-9F44-4099-A388-852DE701028A}.Release|Any CPU.ActiveCfg = Release|Any CPU
		{2242EBE7-9F44-4099-A388-852DE701028A}.Release|Any CPU.Build.0 = Release|Any CPU
	EndGlobalSection
	GlobalSection(SolutionProperties) = preSolution
		HideSolutionNode = FALSE
	EndGlobalSection
	GlobalSection(ExtensibilityGlobals) = postSolution
		SolutionGuid = {C85C1F61-6E4E-418E-AE66-902DF576382F}
	EndGlobalSection
EndGlobal
